
Microsoft Visual Studio Solution File, Format Version 12.00
# Visual Studio Version 17
VisualStudioVersion = 17.10.35013.160
MinimumVisualStudioVersion = 10.0.40219.1
Project("{FAE04EC0-301F-11D3-BF4B-00C04F79EFBC}") = "FornecedoresAPI", "FornecedoresAPI\FornecedoresAPI.csproj", "{2F135265-9E78-46FA-9F12-27DAEE915893}"
EndProject
Global
	GlobalSection(SolutionConfigurationPlatforms) = preSolution
		Debug|Any CPU = Debug|Any CPU
		Release|Any CPU = Release|Any CPU
	EndGlobalSection
	GlobalSection(ProjectConfigurationPlatforms) = postSolution
		{2F135265-9E78-46FA-9F12-27DAEE915893}.Debug|Any CPU.ActiveCfg = Debug|Any CPU
		{2F135265-9E78-46FA-9F12-27DAEE915893}.Debug|Any CPU.Build.0 = Debug|Any CPU
		{2F135265-9E78-46FA-9F12-27DAEE915893}.Release|Any CPU.ActiveCfg = Release|Any CPU
		{2F135265-9E78-46FA-9F12-27DAEE915893}.Release|Any CPU.Build.0 = Release|Any CPU
	EndGlobalSection
	GlobalSection(SolutionProperties) = preSolution
		HideSolutionNode = FALSE
	EndGlobalSection
	GlobalSection(ExtensibilityGlobals) = postSolution
		SolutionGuid = {586C7F17-116F-4668-9C92-1B6045D64C59}
	EndGlobalSection
EndGlobal
